// !$*UTF8*$!
{
	archiveVersion = 1;
	classes = {
	};
	objectVersion = 46;
	objects = {

/* Begin PBXBuildFile section */
		363FF1161DA3C5EC00ABBFC9 /* main.cpp in Sources */ = {isa = PBXBuildFile; fileRef = 363FF1151DA3C5EC00ABBFC9 /* main.cpp */; };
		363FF11F1DA3C5FF00ABBFC9 /* GLUT.framework in Frameworks */ = {isa = PBXBuildFile; fileRef = 363FF11D1DA3C5FF00ABBFC9 /* GLUT.framework */; };
		363FF1201DA3C5FF00ABBFC9 /* OpenGL.framework in Frameworks */ = {isa = PBXBuildFile; fileRef = 363FF11E1DA3C5FF00ABBFC9 /* OpenGL.framework */; };
/* End PBXBuildFile section */

/* Begin PBXCopyFilesBuildPhase section */
		363FF1101DA3C5EC00ABBFC9 /* CopyFiles */ = {
			isa = PBXCopyFilesBuildPhase;
			buildActionMask = 2147483647;
			dstPath = /usr/share/man/man1/;
			dstSubfolderSpec = 0;
			files = (
			);
			runOnlyForDeploymentPostprocessing = 1;
		};
/* End PBXCopyFilesBuildPhase section */

/* Begin PBXFileReference section */
		363FF1121DA3C5EC00ABBFC9 /* billiards */ = {isa = PBXFileReference; explicitFileType = "compiled.mach-o.executable"; includeInIndex = 0; path = billiards; sourceTree = BUILT_PRODUCTS_DIR; };
		363FF1151DA3C5EC00ABBFC9 /* main.cpp */ = {isa = PBXFileReference; lastKnownFileType = sourcecode.cpp.cpp; path = main.cpp; sourceTree = "<group>"; };
		363FF11D1DA3C5FF00ABBFC9 /* GLUT.framework */ = {isa = PBXFileReference; lastKnownFileType = wrapper.framework; name = GLUT.framework; path = System/Library/Frameworks/GLUT.framework; sourceTree = SDKROOT; };
		363FF11E1DA3C5FF00ABBFC9 /* OpenGL.framework */ = {isa = PBXFileReference; lastKnownFileType = wrapper.framework; name = OpenGL.framework; path = System/Library/Frameworks/OpenGL.framework; sourceTree = SDKROOT; };
/* End PBXFileReference section */

/* Begin PBXFrameworksBuildPhase section */
		363FF10F1DA3C5EC00ABBFC9 /* Frameworks */ = {
			isa = PBXFrameworksBuildPhase;
			buildActionMask = 2147483647;
			files = (
				363FF11F1DA3C5FF00ABBFC9 /* GLUT.framework in Frameworks */,
				363FF1201DA3C5FF00ABBFC9 /* OpenGL.framework in Frameworks */,
			);
			runOnlyForDeploymentPostprocessing = 0;
		};
/* End PBXFrameworksBuildPhase section */

/* Begin PBXGroup section */
		363FF1091DA3C5EC00ABBFC9 = {
			isa = PBXGroup;
			children = (
				363FF1141DA3C5EC00ABBFC9 /* billiards */,
				363FF1131DA3C5EC00ABBFC9 /* Products */,
				363FF11C1DA3C5FF00ABBFC9 /* Frameworks */,
			);
			sourceTree = "<group>";
		};
		363FF1131DA3C5EC00ABBFC9 /* Products */ = {
			isa = PBXGroup;
			children = (
				363FF1121DA3C5EC00ABBFC9 /* billiards */,
			);
			name = Products;
			sourceTree = "<group>";
		};
		363FF1141DA3C5EC00ABBFC9 /* billiards */ = {
			isa = PBXGroup;
			children = (
				363FF1151DA3C5EC00ABBFC9 /* main.cpp */,
			);
			path = billiards;
			sourceTree = "<group>";
		};
		363FF11C1DA3C5FF00ABBFC9 /* Frameworks */ = {
			isa = PBXGroup;
			children = (
				363FF11D1DA3C5FF00ABBFC9 /* GLUT.framework */,
				363FF11E1DA3C5FF00ABBFC9 /* OpenGL.framework */,
			);
			name = Frameworks;
			sourceTree = "<group>";
		};
/* End PBXGroup section */

/* Begin PBXNativeTarget section */
		363FF1111DA3C5EC00ABBFC9 /* billiards */ = {
			isa = PBXNativeTarget;
			buildConfigurationList = 363FF1191DA3C5EC00ABBFC9 /* Build configuration list for PBXNativeTarget "billiards" */;
			buildPhases = (
				363FF10E1DA3C5EC00ABBFC9 /* Sources */,
				363FF10F1DA3C5EC00ABBFC9 /* Frameworks */,
				363FF1101DA3C5EC00ABBFC9 /* CopyFiles */,
			);
			buildRules = (
			);
			dependencies = (
			);
			name = billiards;
			productName = billiards;
			productReference = 363FF1121DA3C5EC00ABBFC9 /* billiards */;
			productType = "com.apple.product-type.tool";
		};
/* End PBXNativeTarget section */

/* Begin PBXProject section */
		363FF10A1DA3C5EC00ABBFC9 /* Project object */ = {
			isa = PBXProject;
			attributes = {
				LastUpgradeCheck = 0800;
				ORGANIZATIONNAME = "Naoaki Yamada";
				TargetAttributes = {
					363FF1111DA3C5EC00ABBFC9 = {
						CreatedOnToolsVersion = 8.0;
						DevelopmentTeam = 6483LL6LGS;
						ProvisioningStyle = Automatic;
					};
				};
			};
			buildConfigurationList = 363FF10D1DA3C5EC00ABBFC9 /* Build configuration list for PBXProject "billiards" */;
			compatibilityVersion = "Xcode 3.2";
			developmentRegion = English;
			hasScannedForEncodings = 0;
			knownRegions = (
				en,
			);
			mainGroup = 363FF1091DA3C5EC00ABBFC9;
			productRefGroup = 363FF1131DA3C5EC00ABBFC9 /* Products */;
			projectDirPath = "";
			projectRoot = "";
			targets = (
				363FF1111DA3C5EC00ABBFC9 /* billiards */,
			);
		};
/* End PBXProject section */

/* Begin PBXSourcesBuildPhase section */
		363FF10E1DA3C5EC00ABBFC9 /* Sources */ = {
			isa = PBXSourcesBuildPhase;
			buildActionMask = 2147483647;
			files = (
				363FF1161DA3C5EC00ABBFC9 /* main.cpp in Sources */,
			);
			runOnlyForDeploymentPostprocessing = 0;
		};
/* End PBXSourcesBuildPhase section */

/* Begin XCBuildConfiguration section */
		363FF1171DA3C5EC00ABBFC9 /* Debug */ = {
			isa = XCBuildConfiguration;
			buildSettings = {
				ALWAYS_SEARCH_USER_PATHS = NO;
				CLANG_ANALYZER_NONNULL = YES;
				CLANG_CXX_LANGUAGE_STANDARD = "gnu++0x";
				CLANG_CXX_LIBRARY = "libc++";
				CLANG_ENABLE_MODULES = YES;
				CLANG_ENABLE_OBJC_ARC = YES;
				CLANG_WARN_BOOL_CONVERSION = YES;
				CLANG_WARN_CONSTANT_CONVERSION = YES;
				CLANG_WARN_DIRECT_OBJC_ISA_USAGE = YES_ERROR;
				CLANG_WARN_DOCUMENTATION_COMMENTS = YES;
				CLANG_WARN_EMPTY_BODY = YES;
				CLANG_WARN_ENUM_CONVERSION = YES;
				CLANG_WARN_INFINITE_RECURSION = YES;
				CLANG_WARN_INT_CONVERSION = YES;
				CLANG_WARN_OBJC_ROOT_CLASS = YES_ERROR;
				CLANG_WARN_SUSPICIOUS_MOVES = YES;
				CLANG_WARN_UNREACHABLE_CODE = YES;
				CLANG_WARN__DUPLICATE_METHOD_MATCH = YES;
				CODE_SIGN_IDENTITY = "-";
				COPY_PHASE_STRIP = NO;
				DEBUG_INFORMATION_FORMAT = dwarf;
				ENABLE_STRICT_OBJC_MSGSEND = YES;
				ENABLE_TESTABILITY = YES;
				GCC_C_LANGUAGE_STANDARD = gnu99;
				GCC_DYNAMIC_NO_PIC = NO;
				GCC_NO_COMMON_BLOCKS = YES;
				GCC_OPTIMIZATION_LEVEL = 0;
				GCC_PREPROCESSOR_DEFINITIONS = (
					"DEBUG=1",
					"$(inherited)",
				);
				GCC_WARN_64_TO_32_BIT_CONVERSION = YES;
				GCC_WARN_ABOUT_RETURN_TYPE = YES_ERROR;
				GCC_WARN_UNDECLARED_SELECTOR = YES;
				GCC_WARN_UNINITIALIZED_AUTOS = YES_AGGRESSIVE;
				GCC_WARN_UNUSED_FUNCTION = YES;
				GCC_WARN_UNUSED_VARIABLE = YES;
				MACOSX_DEPLOYMENT_TARGET = 10.8;
				MTL_ENABLE_DEBUG_INFO = YES;
				ONLY_ACTIVE_ARCH = YES;
				SDKROOT = macosx;
			};
			name = Debug;
		};
		363FF1181DA3C5EC00ABBFC9 /* Release */ = {
			isa = XCBuildConfiguration;
			buildSettings = {
				ALWAYS_SEARCH_USER_PATHS = NO;
				CLANG_ANALYZER_NONNULL = YES;
				CLANG_CXX_LANGUAGE_STANDARD = "gnu++0x";
				CLANG_CXX_LIBRARY = "libc++";
				CLANG_ENABLE_MODULES = YES;
				CLANG_ENABLE_OBJC_ARC = YES;
				CLANG_WARN_BOOL_CONVERSION = YES;
				CLANG_WARN_CONSTANT_CONVERSION = YES;
				CLANG_WARN_DIRECT_OBJC_ISA_USAGE = YES_ERROR;
				CLANG_WARN_DOCUMENTATION_COMMENTS = YES;
				CLANG_WARN_EMPTY_BODY = YES;
				CLANG_WARN_ENUM_CONVERSION = YES;
				CLANG_WARN_INFINITE_RECURSION = YES;
				CLANG_WARN_INT_CONVERSION = YES;
				CLANG_WARN_OBJC_ROOT_CLASS = YES_ERROR;
				CLANG_WARN_SUSPICIOUS_MOVES = YES;
				CLANG_WARN_UNREACHABLE_CODE = YES;
				CLANG_WARN__DUPLICATE_METHOD_MATCH = YES;
				CODE_SIGN_IDENTITY = "-";
				COPY_PHASE_STRIP = NO;
				DEBUG_INFORMATION_FORMAT = "dwarf-with-dsym";
				ENABLE_NS_ASSERTIONS = NO;
				ENABLE_STRICT_OBJC_MSGSEND = YES;
				GCC_C_LANGUAGE_STANDARD = gnu99;
				GCC_NO_COMMON_BLOCKS = YES;
				GCC_WARN_64_TO_32_BIT_CONVERSION = YES;
				GCC_WARN_ABOUT_RETURN_TYPE = YES_ERROR;
				GCC_WARN_UNDECLARED_SELECTOR = YES;
				GCC_WARN_UNINITIALIZED_AUTOS = YES_AGGRESSIVE;
				GCC_WARN_UNUSED_FUNCTION = YES;
				GCC_WARN_UNUSED_VARIABLE = YES;
				MACOSX_DEPLOYMENT_TARGET = 10.8;
				MTL_ENABLE_DEBUG_INFO = NO;
				SDKROOT = macosx;
			};
			name = Release;
		};
		363FF11A1DA3C5EC00ABBFC9 /* Debug */ = {
			isa = XCBuildConfiguration;
			buildSettings = {
				DEVELOPMENT_TEAM = 6483LL6LGS;
				PRODUCT_NAME = "$(TARGET_NAME)";
			};
			name = Debug;
		};
		363FF11B1DA3C5EC00ABBFC9 /* Release */ = {
			isa = XCBuildConfiguration;
			buildSettings = {
				DEVELOPMENT_TEAM = 6483LL6LGS;
				PRODUCT_NAME = "$(TARGET_NAME)";
			};
			name = Release;
		};
/* End XCBuildConfiguration section */

/* Begin XCConfigurationList section */
		363FF10D1DA3C5EC00ABBFC9 /* Build configuration list for PBXProject "billiards" */ = {
			isa = XCConfigurationList;
			buildConfigurations = (
				363FF1171DA3C5EC00ABBFC9 /* Debug */,
				363FF1181DA3C5EC00ABBFC9 /* Release */,
			);
			defaultConfigurationIsVisible = 0;
			defaultConfigurationName = Release;
		};
		363FF1191DA3C5EC00ABBFC9 /* Build configuration list for PBXNativeTarget "billiards" */ = {
			isa = XCConfigurationList;
			buildConfigurations = (
				363FF11A1DA3C5EC00ABBFC9 /* Debug */,
				363FF11B1DA3C5EC00ABBFC9 /* Release */,
			);
			defaultConfigurationIsVisible = 0;
		};
/* End XCConfigurationList section */
	};
	rootObject = 363FF10A1DA3C5EC00ABBFC9 /* Project object */;
}
